// !$*UTF8*$!
{
	archiveVersion = 1;
	classes = {
	};
	objectVersion = 77;
	objects = {

/* Begin PBXBuildFile section */
		07263B60294FBF334BC5BBAE /* ConversationDemoTests.swift in Sources */ = {isa = PBXBuildFile; fileRef = 64B8468DA9967648A6BC8DD7 /* ConversationDemoTests.swift */; };
		0852A712CFD6797F18D57EC7 /* ScreenLearningIntent.swift in Sources */ = {isa = PBXBuildFile; fileRef = E09F72FA2F6C3C2635B039EE /* ScreenLearningIntent.swift */; };
		0AD5BB91E827345C96676010 /* Grammar.swift in Sources */ = {isa = PBXBuildFile; fileRef = E79FDBE127D71069003D5477 /* Grammar.swift */; };
		0E1E5BFDA0832C97BFB58840 /* Grammar.swift in Sources */ = {isa = PBXBuildFile; fileRef = E79FDBE127D71069003D5477 /* Grammar.swift */; };
		20E5A46D92D05BB8947EB632 /* Preferences.swift in Sources */ = {isa = PBXBuildFile; fileRef = CC0AA28FDABCFE29ADC640C4 /* Preferences.swift */; };
		279A952F2D8694A16DDE8465 /* ScreenLearningTests.swift in Sources */ = {isa = PBXBuildFile; fileRef = 1C34EE826A9C2E88FA6D179E /* ScreenLearningTests.swift */; };
		32D2413983CFEF011F699077 /* Grammar.swift in Sources */ = {isa = PBXBuildFile; fileRef = E79FDBE127D71069003D5477 /* Grammar.swift */; };
		34DF27D384A8C18AD355C5F1 /* ScreenWords.swift in Sources */ = {isa = PBXBuildFile; fileRef = 52ACB8836103B0ABB01D07BC /* ScreenWords.swift */; };
		393D7C914534B99903DD7842 /* Palette.swift in Sources */ = {isa = PBXBuildFile; fileRef = FCFF50D3F07126E8FD84E915 /* Palette.swift */; };
		3CFD805A7C394D9A86940530 /* ScreenWords.swift in Sources */ = {isa = PBXBuildFile; fileRef = 52ACB8836103B0ABB01D07BC /* ScreenWords.swift */; };
		4AAD2837572B878AC943C5FA /* PrivateModeCard.swift in Sources */ = {isa = PBXBuildFile; fileRef = E9E6ED8DC5AE9E078FA80DE3 /* PrivateModeCard.swift */; };
		4F2971AAB04CB45F9F3A0D2B /* KeyboardViewController.swift in Sources */ = {isa = PBXBuildFile; fileRef = 8B324A924FE66DC05CD87923 /* KeyboardViewController.swift */; };
		591312BBAA426D1DE2ABB2BE /* Assets.xcassets in Resources */ = {isa = PBXBuildFile; fileRef = 238704140C8DFC7E10D738C7 /* Assets.xcassets */; };
		591FC447EABCDC5BDC33DD29 /* ScreenWords.swift in Sources */ = {isa = PBXBuildFile; fileRef = 52ACB8836103B0ABB01D07BC /* ScreenWords.swift */; };
		68425C36066BCAAC9E485794 /* Vocabulary.swift in Sources */ = {isa = PBXBuildFile; fileRef = 1B70CCE26AA8F46D69AB88E9 /* Vocabulary.swift */; };
		7DD066AECBA51167DB0987C0 /* Preferences.swift in Sources */ = {isa = PBXBuildFile; fileRef = CC0AA28FDABCFE29ADC640C4 /* Preferences.swift */; };
		867DEE28BF0C8AE912495320 /* PlainTextField.swift in Sources */ = {isa = PBXBuildFile; fileRef = 69B956A9B583D4897560968A /* PlainTextField.swift */; };
		88CE9D5420FB39F79D63A53C /* GrammarTests.swift in Sources */ = {isa = PBXBuildFile; fileRef = 0620AC89CD9C9348E302DDBC /* GrammarTests.swift */; };
		8B3E5C87F8CD95C8B0A51B23 /* Grammar.swift in Sources */ = {isa = PBXBuildFile; fileRef = E79FDBE127D71069003D5477 /* Grammar.swift */; };
		8DB6578CF757DE30411A8B1C /* TypikeyBroadcast.appex in Embed Foundation Extensions */ = {isa = PBXBuildFile; fileRef = FCCC334E9988B617A6DCEEFB /* TypikeyBroadcast.appex */; settings = {ATTRIBUTES = (RemoveHeadersOnCopy, ); }; };
		9C862CD8CF1738B5038563A8 /* MyWordsTests.swift in Sources */ = {isa = PBXBuildFile; fileRef = 167A2498198387A80DD85FC1 /* MyWordsTests.swift */; };
		A870D89EC249EBF210079F8E /* KeyView.swift in Sources */ = {isa = PBXBuildFile; fileRef = 6779423A582866E09D08DAC3 /* KeyView.swift */; };
		AAB759FD06199BBA669FB03D /* TypikeyShare.appex in Embed Foundation Extensions */ = {isa = PBXBuildFile; fileRef = 9D0797993F06D05215ACAB68 /* TypikeyShare.appex */; settings = {ATTRIBUTES = (RemoveHeadersOnCopy, ); }; };
		B9274BDBCA7F7A765DA6CCD7 /* PrivacyInfo.xcprivacy in Resources */ = {isa = PBXBuildFile; fileRef = E6C422799418AAD787A25061 /* PrivacyInfo.xcprivacy */; };
		BD72207B7019C86BCF8699CE /* CompletionEngine.swift in Sources */ = {isa = PBXBuildFile; fileRef = BE154DB166CA944192DDE2A3 /* CompletionEngine.swift */; };
		BD7FFEE284ED5DFC50FA2351 /* SampleHandler.swift in Sources */ = {isa = PBXBuildFile; fileRef = 86125954B46BC2FC71586B57 /* SampleHandler.swift */; };
		C25E2E8F1B21BAF96D75BFAD /* ScreenWords.swift in Sources */ = {isa = PBXBuildFile; fileRef = 52ACB8836103B0ABB01D07BC /* ScreenWords.swift */; };
		C5DE9CF6E675B6572A25B3F0 /* KeyboardHeightTests.swift in Sources */ = {isa = PBXBuildFile; fileRef = D977763A87F89006584A3902 /* KeyboardHeightTests.swift */; };
		C9B01D5AA3ED72DD91E5B3C2 /* ConversationDemoView.swift in Sources */ = {isa = PBXBuildFile; fileRef = 73C356DFA180B06CD6221686 /* ConversationDemoView.swift */; };
		D9E87446DC34341E0FC20673 /* Preferences.swift in Sources */ = {isa = PBXBuildFile; fileRef = CC0AA28FDABCFE29ADC640C4 /* Preferences.swift */; };
		DE071B07D2A8FA05715A5ED8 /* TypikeyKeyboard.appex in Embed Foundation Extensions */ = {isa = PBXBuildFile; fileRef = F83C0D6BAF2B10D4444DD9A7 /* TypikeyKeyboard.appex */; settings = {ATTRIBUTES = (RemoveHeadersOnCopy, ); }; };
		E820A7A844F23E314B585C09 /* Haptics.swift in Sources */ = {isa = PBXBuildFile; fileRef = 7C115AF6B614E4497E0B0685 /* Haptics.swift */; };
		E874D9C73C6F3FA438850492 /* PrivateModeTests.swift in Sources */ = {isa = PBXBuildFile; fileRef = 7C9F1F5FD052E4FFDD9A120E /* PrivateModeTests.swift */; };
		ECDE3A72B866932E3A8BF759 /* ShareViewController.swift in Sources */ = {isa = PBXBuildFile; fileRef = 6741F21149078F294F6D357E /* ShareViewController.swift */; };
		EED48B258A0595CE57451BAC /* PrivacyInfo.xcprivacy in Resources */ = {isa = PBXBuildFile; fileRef = DBD94BC6DECDCB5E20AD5726 /* PrivacyInfo.xcprivacy */; };
		F358D447B20F9F451E7AF138 /* TypikeyApp.swift in Sources */ = {isa = PBXBuildFile; fileRef = 7FA3846751FF38D84B3414E5 /* TypikeyApp.swift */; };
		F965E2D3B9C32AF172CF8F7C /* Preferences.swift in Sources */ = {isa = PBXBuildFile; fileRef = CC0AA28FDABCFE29ADC640C4 /* Preferences.swift */; };
		FB44BAC1AC5A3F6C433CD88D /* PinnedFrameTests.swift in Sources */ = {isa = PBXBuildFile; fileRef = 2F4B7442BDF523BAC5B0E4C2 /* PinnedFrameTests.swift */; };
/* End PBXBuildFile section */

/* Begin PBXContainerItemProxy section */
		463F4E42D90AF0B975DD1C4B /* PBXContainerItemProxy */ = {
			isa = PBXContainerItemProxy;
			containerPortal = CC0D6E7E0A5C16B3E176D3BA /* Project object */;
			proxyType = 1;
			remoteGlobalIDString = A2467DEA23AE29F71CEEEA5D;
			remoteInfo = Typikey;
		};
		5B00D10769E44873CDA6071C /* PBXContainerItemProxy */ = {
			isa = PBXContainerItemProxy;
			containerPortal = CC0D6E7E0A5C16B3E176D3BA /* Project object */;
			proxyType = 1;
			remoteGlobalIDString = CCEF7CBAD03CEB211650881C;
			remoteInfo = TypikeyKeyboard;
		};
		B48C585AE35C606C512590C3 /* PBXContainerItemProxy */ = {
			isa = PBXContainerItemProxy;
			containerPortal = CC0D6E7E0A5C16B3E176D3BA /* Project object */;
			proxyType = 1;
			remoteGlobalIDString = 90EC33D16028292643531B97;
			remoteInfo = TypikeyShare;
		};
		C4081CF8FEC00FC8CAB55957 /* PBXContainerItemProxy */ = {
			isa = PBXContainerItemProxy;
			containerPortal = CC0D6E7E0A5C16B3E176D3BA /* Project object */;
			proxyType = 1;
			remoteGlobalIDString = F78E9B1D6D90A6BC2398D5AA;
			remoteInfo = TypikeyBroadcast;
		};
/* End PBXContainerItemProxy section */

/* Begin PBXCopyFilesBuildPhase section */
		A945FCF8BE1834C471730078 /* Embed Foundation Extensions */ = {
			isa = PBXCopyFilesBuildPhase;
			buildActionMask = 2147483647;
			dstPath = "";
			dstSubfolderSpec = 13;
			files = (
				DE071B07D2A8FA05715A5ED8 /* TypikeyKeyboard.appex in Embed Foundation Extensions */,
				8DB6578CF757DE30411A8B1C /* TypikeyBroadcast.appex in Embed Foundation Extensions */,
				AAB759FD06199BBA669FB03D /* TypikeyShare.appex in Embed Foundation Extensions */,
			);
			name = "Embed Foundation Extensions";
			runOnlyForDeploymentPostprocessing = 0;
		};
/* End PBXCopyFilesBuildPhase section */

/* Begin PBXFileReference section */
		0620AC89CD9C9348E302DDBC /* GrammarTests.swift */ = {isa = PBXFileReference; lastKnownFileType = sourcecode.swift; path = GrammarTests.swift; sourceTree = "<group>"; };
		167A2498198387A80DD85FC1 /* MyWordsTests.swift */ = {isa = PBXFileReference; lastKnownFileType = sourcecode.swift; path = MyWordsTests.swift; sourceTree = "<group>"; };
		1B70CCE26AA8F46D69AB88E9 /* Vocabulary.swift */ = {isa = PBXFileReference; lastKnownFileType = sourcecode.swift; path = Vocabulary.swift; sourceTree = "<group>"; };
		1C34EE826A9C2E88FA6D179E /* ScreenLearningTests.swift */ = {isa = PBXFileReference; lastKnownFileType = sourcecode.swift; path = ScreenLearningTests.swift; sourceTree = "<group>"; };
		238704140C8DFC7E10D738C7 /* Assets.xcassets */ = {isa = PBXFileReference; lastKnownFileType = folder.assetcatalog; path = Assets.xcassets; sourceTree = "<group>"; };
		2F4B7442BDF523BAC5B0E4C2 /* PinnedFrameTests.swift */ = {isa = PBXFileReference; lastKnownFileType = sourcecode.swift; path = PinnedFrameTests.swift; sourceTree = "<group>"; };
		52ACB8836103B0ABB01D07BC /* ScreenWords.swift */ = {isa = PBXFileReference; lastKnownFileType = sourcecode.swift; path = ScreenWords.swift; sourceTree = "<group>"; };
		540443137A743CBC5FFF53C0 /* Typikey.app */ = {isa = PBXFileReference; includeInIndex = 0; lastKnownFileType = wrapper.application; path = Typikey.app; sourceTree = BUILT_PRODUCTS_DIR; };
		64B8468DA9967648A6BC8DD7 /* ConversationDemoTests.swift */ = {isa = PBXFileReference; lastKnownFileType = sourcecode.swift; path = ConversationDemoTests.swift; sourceTree = "<group>"; };
		671DF4A1D7A2DABAD334557F /* TypikeyUITests.xctest */ = {isa = PBXFileReference; includeInIndex = 0; lastKnownFileType = wrapper.cfbundle; path = TypikeyUITests.xctest; sourceTree = BUILT_PRODUCTS_DIR; };
		6741F21149078F294F6D357E /* ShareViewController.swift */ = {isa = PBXFileReference; lastKnownFileType = sourcecode.swift; path = ShareViewController.swift; sourceTree = "<group>"; };
		6779423A582866E09D08DAC3 /* KeyView.swift */ = {isa = PBXFileReference; lastKnownFileType = sourcecode.swift; path = KeyView.swift; sourceTree = "<group>"; };
		69B956A9B583D4897560968A /* PlainTextField.swift */ = {isa = PBXFileReference; lastKnownFileType = sourcecode.swift; path = PlainTextField.swift; sourceTree = "<group>"; };
		73C356DFA180B06CD6221686 /* ConversationDemoView.swift */ = {isa = PBXFileReference; lastKnownFileType = sourcecode.swift; path = ConversationDemoView.swift; sourceTree = "<group>"; };
		7C115AF6B614E4497E0B0685 /* Haptics.swift */ = {isa = PBXFileReference; lastKnownFileType = sourcecode.swift; path = Haptics.swift; sourceTree = "<group>"; };
		7C9F1F5FD052E4FFDD9A120E /* PrivateModeTests.swift */ = {isa = PBXFileReference; lastKnownFileType = sourcecode.swift; path = PrivateModeTests.swift; sourceTree = "<group>"; };
		7FA3846751FF38D84B3414E5 /* TypikeyApp.swift */ = {isa = PBXFileReference; lastKnownFileType = sourcecode.swift; path = TypikeyApp.swift; sourceTree = "<group>"; };
		86125954B46BC2FC71586B57 /* SampleHandler.swift */ = {isa = PBXFileReference; lastKnownFileType = sourcecode.swift; path = SampleHandler.swift; sourceTree = "<group>"; };
		8A0596DADB8E2918F9CB0FF9 /* Typikey.entitlements */ = {isa = PBXFileReference; lastKnownFileType = text.plist.entitlements; path = Typikey.entitlements; sourceTree = "<group>"; };
		8B324A924FE66DC05CD87923 /* KeyboardViewController.swift */ = {isa = PBXFileReference; lastKnownFileType = sourcecode.swift; path = KeyboardViewController.swift; sourceTree = "<group>"; };
		99C68D4951FDDA7ADA09E6C6 /* Info.plist */ = {isa = PBXFileReference; lastKnownFileType = text.plist; path = Info.plist; sourceTree = "<group>"; };
		9D0797993F06D05215ACAB68 /* TypikeyShare.appex */ = {isa = PBXFileReference; includeInIndex = 0; lastKnownFileType = "wrapper.app-extension"; path = TypikeyShare.appex; sourceTree = BUILT_PRODUCTS_DIR; };
		BE154DB166CA944192DDE2A3 /* CompletionEngine.swift */ = {isa = PBXFileReference; lastKnownFileType = sourcecode.swift; path = CompletionEngine.swift; sourceTree = "<group>"; };
		CC0AA28FDABCFE29ADC640C4 /* Preferences.swift */ = {isa = PBXFileReference; lastKnownFileType = sourcecode.swift; path = Preferences.swift; sourceTree = "<group>"; };
		D6755D1E733576488ACF9B75 /* TypikeyBroadcast.entitlements */ = {isa = PBXFileReference; lastKnownFileType = text.plist.entitlements; path = TypikeyBroadcast.entitlements; sourceTree = "<group>"; };
		D977763A87F89006584A3902 /* KeyboardHeightTests.swift */ = {isa = PBXFileReference; lastKnownFileType = sourcecode.swift; path = KeyboardHeightTests.swift; sourceTree = "<group>"; };
		DBD94BC6DECDCB5E20AD5726 /* PrivacyInfo.xcprivacy */ = {isa = PBXFileReference; path = PrivacyInfo.xcprivacy; sourceTree = "<group>"; };
		E09F72FA2F6C3C2635B039EE /* ScreenLearningIntent.swift */ = {isa = PBXFileReference; lastKnownFileType = sourcecode.swift; path = ScreenLearningIntent.swift; sourceTree = "<group>"; };
		E6C422799418AAD787A25061 /* PrivacyInfo.xcprivacy */ = {isa = PBXFileReference; path = PrivacyInfo.xcprivacy; sourceTree = "<group>"; };
		E79FDBE127D71069003D5477 /* Grammar.swift */ = {isa = PBXFileReference; lastKnownFileType = sourcecode.swift; path = Grammar.swift; sourceTree = "<group>"; };
		E9E6ED8DC5AE9E078FA80DE3 /* PrivateModeCard.swift */ = {isa = PBXFileReference; lastKnownFileType = sourcecode.swift; path = PrivateModeCard.swift; sourceTree = "<group>"; };
		EA33C5A4EB0347311C38406D /* Info.plist */ = {isa = PBXFileReference; lastKnownFileType = text.plist; path = Info.plist; sourceTree = "<group>"; };
		EC274687C47E96AD04FD45F5 /* TypikeyKeyboard.entitlements */ = {isa = PBXFileReference; lastKnownFileType = text.plist.entitlements; path = TypikeyKeyboard.entitlements; sourceTree = "<group>"; };
		F0E3ABEDA2EFC800465AD089 /* TypikeyShare.entitlements */ = {isa = PBXFileReference; lastKnownFileType = text.plist.entitlements; path = TypikeyShare.entitlements; sourceTree = "<group>"; };
		F14E0151DBA04E506C934CB8 /* Info.plist */ = {isa = PBXFileReference; lastKnownFileType = text.plist; path = Info.plist; sourceTree = "<group>"; };
		F6AB8DF9F06A51C18A94A9DE /* Info.plist */ = {isa = PBXFileReference; lastKnownFileType = text.plist; path = Info.plist; sourceTree = "<group>"; };
		F83C0D6BAF2B10D4444DD9A7 /* TypikeyKeyboard.appex */ = {isa = PBXFileReference; includeInIndex = 0; lastKnownFileType = "wrapper.app-extension"; path = TypikeyKeyboard.appex; sourceTree = BUILT_PRODUCTS_DIR; };
		FCCC334E9988B617A6DCEEFB /* TypikeyBroadcast.appex */ = {isa = PBXFileReference; includeInIndex = 0; lastKnownFileType = "wrapper.app-extension"; path = TypikeyBroadcast.appex; sourceTree = BUILT_PRODUCTS_DIR; };
		FCFF50D3F07126E8FD84E915 /* Palette.swift */ = {isa = PBXFileReference; lastKnownFileType = sourcecode.swift; path = Palette.swift; sourceTree = "<group>"; };
/* End PBXFileReference section */

/* Begin PBXGroup section */
		2039E81F54811E23AE83073C /* Shared */ = {
			isa = PBXGroup;
			children = (
				E79FDBE127D71069003D5477 /* Grammar.swift */,
				CC0AA28FDABCFE29ADC640C4 /* Preferences.swift */,
				52ACB8836103B0ABB01D07BC /* ScreenWords.swift */,
			);
			path = Shared;
			sourceTree = "<group>";
		};
		47820FF55406B277FF4A47FB = {
			isa = PBXGroup;
			children = (
				A2508DCB118A6D799FE05AD5 /* App */,
				AC6CEC8EAA5A0161C427CC57 /* Broadcast */,
				BC0B541BBA06AE32F05B7232 /* Keyboard */,
				8947D9D13AF97D8A0B105AD7 /* Share */,
				2039E81F54811E23AE83073C /* Shared */,
				AF67B2AFBC51848C7E1E95BB /* UITests */,
				68B8D075CD1C91BAE90CA312 /* Products */,
			);
			sourceTree = "<group>";
		};
		68B8D075CD1C91BAE90CA312 /* Products */ = {
			isa = PBXGroup;
			children = (
				540443137A743CBC5FFF53C0 /* Typikey.app */,
				FCCC334E9988B617A6DCEEFB /* TypikeyBroadcast.appex */,
				F83C0D6BAF2B10D4444DD9A7 /* TypikeyKeyboard.appex */,
				9D0797993F06D05215ACAB68 /* TypikeyShare.appex */,
				671DF4A1D7A2DABAD334557F /* TypikeyUITests.xctest */,
			);
			name = Products;
			sourceTree = "<group>";
		};
		8947D9D13AF97D8A0B105AD7 /* Share */ = {
			isa = PBXGroup;
			children = (
				99C68D4951FDDA7ADA09E6C6 /* Info.plist */,
				6741F21149078F294F6D357E /* ShareViewController.swift */,
				F0E3ABEDA2EFC800465AD089 /* TypikeyShare.entitlements */,
			);
			path = Share;
			sourceTree = "<group>";
		};
		A2508DCB118A6D799FE05AD5 /* App */ = {
			isa = PBXGroup;
			children = (
				238704140C8DFC7E10D738C7 /* Assets.xcassets */,
				73C356DFA180B06CD6221686 /* ConversationDemoView.swift */,
				F14E0151DBA04E506C934CB8 /* Info.plist */,
				69B956A9B583D4897560968A /* PlainTextField.swift */,
				E6C422799418AAD787A25061 /* PrivacyInfo.xcprivacy */,
				E9E6ED8DC5AE9E078FA80DE3 /* PrivateModeCard.swift */,
				E09F72FA2F6C3C2635B039EE /* ScreenLearningIntent.swift */,
				8A0596DADB8E2918F9CB0FF9 /* Typikey.entitlements */,
				7FA3846751FF38D84B3414E5 /* TypikeyApp.swift */,
			);
			path = App;
			sourceTree = "<group>";
		};
		AC6CEC8EAA5A0161C427CC57 /* Broadcast */ = {
			isa = PBXGroup;
			children = (
				EA33C5A4EB0347311C38406D /* Info.plist */,
				86125954B46BC2FC71586B57 /* SampleHandler.swift */,
				D6755D1E733576488ACF9B75 /* TypikeyBroadcast.entitlements */,
			);
			path = Broadcast;
			sourceTree = "<group>";
		};
		AF67B2AFBC51848C7E1E95BB /* UITests */ = {
			isa = PBXGroup;
			children = (
				64B8468DA9967648A6BC8DD7 /* ConversationDemoTests.swift */,
				0620AC89CD9C9348E302DDBC /* GrammarTests.swift */,
				D977763A87F89006584A3902 /* KeyboardHeightTests.swift */,
				167A2498198387A80DD85FC1 /* MyWordsTests.swift */,
				2F4B7442BDF523BAC5B0E4C2 /* PinnedFrameTests.swift */,
				7C9F1F5FD052E4FFDD9A120E /* PrivateModeTests.swift */,
				1C34EE826A9C2E88FA6D179E /* ScreenLearningTests.swift */,
			);
			path = UITests;
			sourceTree = "<group>";
		};
		BC0B541BBA06AE32F05B7232 /* Keyboard */ = {
			isa = PBXGroup;
			children = (
				BE154DB166CA944192DDE2A3 /* CompletionEngine.swift */,
				7C115AF6B614E4497E0B0685 /* Haptics.swift */,
				F6AB8DF9F06A51C18A94A9DE /* Info.plist */,
				8B324A924FE66DC05CD87923 /* KeyboardViewController.swift */,
				6779423A582866E09D08DAC3 /* KeyView.swift */,
				FCFF50D3F07126E8FD84E915 /* Palette.swift */,
				DBD94BC6DECDCB5E20AD5726 /* PrivacyInfo.xcprivacy */,
				EC274687C47E96AD04FD45F5 /* TypikeyKeyboard.entitlements */,
				1B70CCE26AA8F46D69AB88E9 /* Vocabulary.swift */,
			);
			path = Keyboard;
			sourceTree = "<group>";
		};
/* End PBXGroup section */

/* Begin PBXNativeTarget section */
		00E59903FECC2CA8D9F86ED3 /* TypikeyUITests */ = {
			isa = PBXNativeTarget;
			buildConfigurationList = 7FB8CED1F1D94C0AF6EECC23 /* Build configuration list for PBXNativeTarget "TypikeyUITests" */;
			buildPhases = (
				EBCE130522C1FEE54EEE9FB4 /* Sources */,
			);
			buildRules = (
			);
			dependencies = (
				218874140A4955018D074107 /* PBXTargetDependency */,
			);
			name = TypikeyUITests;
			packageProductDependencies = (
			);
			productName = TypikeyUITests;
			productReference = 671DF4A1D7A2DABAD334557F /* TypikeyUITests.xctest */;
			productType = "com.apple.product-type.bundle.ui-testing";
		};
		90EC33D16028292643531B97 /* TypikeyShare */ = {
			isa = PBXNativeTarget;
			buildConfigurationList = 4F703742F41AE5C4555AB6F5 /* Build configuration list for PBXNativeTarget "TypikeyShare" */;
			buildPhases = (
				B7039F00CA541E94B72C9C52 /* Sources */,
			);
			buildRules = (
			);
			dependencies = (
			);
			name = TypikeyShare;
			packageProductDependencies = (
			);
			productName = TypikeyShare;
			productReference = 9D0797993F06D05215ACAB68 /* TypikeyShare.appex */;
			productType = "com.apple.product-type.app-extension";
		};
		A2467DEA23AE29F71CEEEA5D /* Typikey */ = {
			isa = PBXNativeTarget;
			buildConfigurationList = 23A84DFD168387B973585191 /* Build configuration list for PBXNativeTarget "Typikey" */;
			buildPhases = (
				3032F3364BB94CF627F57F57 /* Sources */,
				8377337C2BB1A6B9DDFD6439 /* Resources */,
				A945FCF8BE1834C471730078 /* Embed Foundation Extensions */,
			);
			buildRules = (
			);
			dependencies = (
				DB3323C52A3EE839EBBEA193 /* PBXTargetDependency */,
				4F79E66763B0B1F9CA1DD90E /* PBXTargetDependency */,
				E2625FAFD37B65271F782E85 /* PBXTargetDependency */,
			);
			name = Typikey;
			packageProductDependencies = (
			);
			productName = Typikey;
			productReference = 540443137A743CBC5FFF53C0 /* Typikey.app */;
			productType = "com.apple.product-type.application";
		};
		CCEF7CBAD03CEB211650881C /* TypikeyKeyboard */ = {
			isa = PBXNativeTarget;
			buildConfigurationList = 6BA5D677E039BC3CB5B7CCD5 /* Build configuration list for PBXNativeTarget "TypikeyKeyboard" */;
			buildPhases = (
				7DC15828AD69BEC093FF6E81 /* Sources */,
				671E4A6C3C7E2B729D7EDB67 /* Resources */,
			);
			buildRules = (
			);
			dependencies = (
			);
			name = TypikeyKeyboard;
			packageProductDependencies = (
			);
			productName = TypikeyKeyboard;
			productReference = F83C0D6BAF2B10D4444DD9A7 /* TypikeyKeyboard.appex */;
			productType = "com.apple.product-type.app-extension";
		};
		F78E9B1D6D90A6BC2398D5AA /* TypikeyBroadcast */ = {
			isa = PBXNativeTarget;
			buildConfigurationList = 2D7E954419EC9F2D9FF2021C /* Build configuration list for PBXNativeTarget "TypikeyBroadcast" */;
			buildPhases = (
				42A9198DF0CB58D42E4CCAD1 /* Sources */,
			);
			buildRules = (
			);
			dependencies = (
			);
			name = TypikeyBroadcast;
			packageProductDependencies = (
			);
			productName = TypikeyBroadcast;
			productReference = FCCC334E9988B617A6DCEEFB /* TypikeyBroadcast.appex */;
			productType = "com.apple.product-type.app-extension";
		};
/* End PBXNativeTarget section */

/* Begin PBXProject section */
		CC0D6E7E0A5C16B3E176D3BA /* Project object */ = {
			isa = PBXProject;
			attributes = {
				BuildIndependentTargetsInParallel = YES;
				LastUpgradeCheck = 1430;
				TargetAttributes = {
					00E59903FECC2CA8D9F86ED3 = {
						DevelopmentTeam = Y7ZZ5G2T3Y;
						ProvisioningStyle = Automatic;
						TestTargetID = A2467DEA23AE29F71CEEEA5D;
					};
					90EC33D16028292643531B97 = {
						DevelopmentTeam = Y7ZZ5G2T3Y;
						ProvisioningStyle = Automatic;
					};
					A2467DEA23AE29F71CEEEA5D = {
						DevelopmentTeam = Y7ZZ5G2T3Y;
						ProvisioningStyle = Automatic;
					};
					CCEF7CBAD03CEB211650881C = {
						DevelopmentTeam = Y7ZZ5G2T3Y;
						ProvisioningStyle = Automatic;
					};
					F78E9B1D6D90A6BC2398D5AA = {
						DevelopmentTeam = Y7ZZ5G2T3Y;
						ProvisioningStyle = Automatic;
					};
				};
			};
			buildConfigurationList = 02DBA6C775AAFDFD22E9229C /* Build configuration list for PBXProject "Typikey" */;
			developmentRegion = en;
			hasScannedForEncodings = 0;
			knownRegions = (
				Base,
				en,
			);
			mainGroup = 47820FF55406B277FF4A47FB;
			minimizedProjectReferenceProxies = 1;
			preferredProjectObjectVersion = 77;
			productRefGroup = 68B8D075CD1C91BAE90CA312 /* Products */;
			projectDirPath = "";
			projectRoot = "";
			targets = (
				A2467DEA23AE29F71CEEEA5D /* Typikey */,
				F78E9B1D6D90A6BC2398D5AA /* TypikeyBroadcast */,
				CCEF7CBAD03CEB211650881C /* TypikeyKeyboard */,
				90EC33D16028292643531B97 /* TypikeyShare */,
				00E59903FECC2CA8D9F86ED3 /* TypikeyUITests */,
			);
		};
/* End PBXProject section */

/* Begin PBXResourcesBuildPhase section */
		671E4A6C3C7E2B729D7EDB67 /* Resources */ = {
			isa = PBXResourcesBuildPhase;
			buildActionMask = 2147483647;
			files = (
				EED48B258A0595CE57451BAC /* PrivacyInfo.xcprivacy in Resources */,
			);
			runOnlyForDeploymentPostprocessing = 0;
		};
		8377337C2BB1A6B9DDFD6439 /* Resources */ = {
			isa = PBXResourcesBuildPhase;
			buildActionMask = 2147483647;
			files = (
				591312BBAA426D1DE2ABB2BE /* Assets.xcassets in Resources */,
				B9274BDBCA7F7A765DA6CCD7 /* PrivacyInfo.xcprivacy in Resources */,
			);
			runOnlyForDeploymentPostprocessing = 0;
		};
/* End PBXResourcesBuildPhase section */

/* Begin PBXSourcesBuildPhase section */
		3032F3364BB94CF627F57F57 /* Sources */ = {
			isa = PBXSourcesBuildPhase;
			buildActionMask = 2147483647;
			files = (
				C9B01D5AA3ED72DD91E5B3C2 /* ConversationDemoView.swift in Sources */,
				8B3E5C87F8CD95C8B0A51B23 /* Grammar.swift in Sources */,
				867DEE28BF0C8AE912495320 /* PlainTextField.swift in Sources */,
				7DD066AECBA51167DB0987C0 /* Preferences.swift in Sources */,
				4AAD2837572B878AC943C5FA /* PrivateModeCard.swift in Sources */,
				0852A712CFD6797F18D57EC7 /* ScreenLearningIntent.swift in Sources */,
				34DF27D384A8C18AD355C5F1 /* ScreenWords.swift in Sources */,
				F358D447B20F9F451E7AF138 /* TypikeyApp.swift in Sources */,
			);
			runOnlyForDeploymentPostprocessing = 0;
		};
		42A9198DF0CB58D42E4CCAD1 /* Sources */ = {
			isa = PBXSourcesBuildPhase;
			buildActionMask = 2147483647;
			files = (
				32D2413983CFEF011F699077 /* Grammar.swift in Sources */,
				F965E2D3B9C32AF172CF8F7C /* Preferences.swift in Sources */,
				BD7FFEE284ED5DFC50FA2351 /* SampleHandler.swift in Sources */,
				591FC447EABCDC5BDC33DD29 /* ScreenWords.swift in Sources */,
			);
			runOnlyForDeploymentPostprocessing = 0;
		};
		7DC15828AD69BEC093FF6E81 /* Sources */ = {
			isa = PBXSourcesBuildPhase;
			buildActionMask = 2147483647;
			files = (
				BD72207B7019C86BCF8699CE /* CompletionEngine.swift in Sources */,
				0E1E5BFDA0832C97BFB58840 /* Grammar.swift in Sources */,
				E820A7A844F23E314B585C09 /* Haptics.swift in Sources */,
				A870D89EC249EBF210079F8E /* KeyView.swift in Sources */,
				4F2971AAB04CB45F9F3A0D2B /* KeyboardViewController.swift in Sources */,
				393D7C914534B99903DD7842 /* Palette.swift in Sources */,
				D9E87446DC34341E0FC20673 /* Preferences.swift in Sources */,
				3CFD805A7C394D9A86940530 /* ScreenWords.swift in Sources */,
				68425C36066BCAAC9E485794 /* Vocabulary.swift in Sources */,
			);
			runOnlyForDeploymentPostprocessing = 0;
		};
		B7039F00CA541E94B72C9C52 /* Sources */ = {
			isa = PBXSourcesBuildPhase;
			buildActionMask = 2147483647;
			files = (
				0AD5BB91E827345C96676010 /* Grammar.swift in Sources */,
				20E5A46D92D05BB8947EB632 /* Preferences.swift in Sources */,
				C25E2E8F1B21BAF96D75BFAD /* ScreenWords.swift in Sources */,
				ECDE3A72B866932E3A8BF759 /* ShareViewController.swift in Sources */,
			);
			runOnlyForDeploymentPostprocessing = 0;
		};
		EBCE130522C1FEE54EEE9FB4 /* Sources */ = {
			isa = PBXSourcesBuildPhase;
			buildActionMask = 2147483647;
			files = (
				07263B60294FBF334BC5BBAE /* ConversationDemoTests.swift in Sources */,
				88CE9D5420FB39F79D63A53C /* GrammarTests.swift in Sources */,
				C5DE9CF6E675B6572A25B3F0 /* KeyboardHeightTests.swift in Sources */,
				9C862CD8CF1738B5038563A8 /* MyWordsTests.swift in Sources */,
				FB44BAC1AC5A3F6C433CD88D /* PinnedFrameTests.swift in Sources */,
				E874D9C73C6F3FA438850492 /* PrivateModeTests.swift in Sources */,
				279A952F2D8694A16DDE8465 /* ScreenLearningTests.swift in Sources */,
			);
			runOnlyForDeploymentPostprocessing = 0;
		};
/* End PBXSourcesBuildPhase section */

/* Begin PBXTargetDependency section */
		218874140A4955018D074107 /* PBXTargetDependency */ = {
			isa = PBXTargetDependency;
			target = A2467DEA23AE29F71CEEEA5D /* Typikey */;
			targetProxy = 463F4E42D90AF0B975DD1C4B /* PBXContainerItemProxy */;
		};
		4F79E66763B0B1F9CA1DD90E /* PBXTargetDependency */ = {
			isa = PBXTargetDependency;
			target = F78E9B1D6D90A6BC2398D5AA /* TypikeyBroadcast */;
			targetProxy = C4081CF8FEC00FC8CAB55957 /* PBXContainerItemProxy */;
		};
		DB3323C52A3EE839EBBEA193 /* PBXTargetDependency */ = {
			isa = PBXTargetDependency;
			target = CCEF7CBAD03CEB211650881C /* TypikeyKeyboard */;
			targetProxy = 5B00D10769E44873CDA6071C /* PBXContainerItemProxy */;
		};
		E2625FAFD37B65271F782E85 /* PBXTargetDependency */ = {
			isa = PBXTargetDependency;
			target = 90EC33D16028292643531B97 /* TypikeyShare */;
			targetProxy = B48C585AE35C606C512590C3 /* PBXContainerItemProxy */;
		};
/* End PBXTargetDependency section */

/* Begin XCBuildConfiguration section */
		0461F04495E1534D3B911949 /* Debug */ = {
			isa = XCBuildConfiguration;
			buildSettings = {
				CODE_SIGN_ENTITLEMENTS = Broadcast/TypikeyBroadcast.entitlements;
				INFOPLIST_FILE = Broadcast/Info.plist;
				LD_RUNPATH_SEARCH_PATHS = (
					"$(inherited)",
					"@executable_path/Frameworks",
					"@executable_path/../../Frameworks",
				);
				PRODUCT_BUNDLE_IDENTIFIER = com.asadullokh.ch5.typikey.broadcast;
				SDKROOT = iphoneos;
				TARGETED_DEVICE_FAMILY = "1,2";
			};
			name = Debug;
		};
		177D7D6224698C855BE123B7 /* Release */ = {
			isa = XCBuildConfiguration;
			buildSettings = {
				BUNDLE_LOADER = "$(TEST_HOST)";
				LD_RUNPATH_SEARCH_PATHS = (
					"$(inherited)",
					"@executable_path/Frameworks",
					"@loader_path/Frameworks",
				);
				PRODUCT_BUNDLE_IDENTIFIER = com.asadullokh.ch5.typikey.uitests;
				SDKROOT = iphoneos;
				TARGETED_DEVICE_FAMILY = "1,2";
				TEST_TARGET_NAME = Typikey;
			};
			name = Release;
		};
		24DC94957BA6C1936359A400 /* Release */ = {
			isa = XCBuildConfiguration;
			buildSettings = {
				CODE_SIGN_ENTITLEMENTS = Broadcast/TypikeyBroadcast.entitlements;
				INFOPLIST_FILE = Broadcast/Info.plist;
				LD_RUNPATH_SEARCH_PATHS = (
					"$(inherited)",
					"@executable_path/Frameworks",
					"@executable_path/../../Frameworks",
				);
				PRODUCT_BUNDLE_IDENTIFIER = com.asadullokh.ch5.typikey.broadcast;
				SDKROOT = iphoneos;
				TARGETED_DEVICE_FAMILY = "1,2";
			};
			name = Release;
		};
		4A4C8218B1C4FAD8A3E8CD4B /* Debug */ = {
			isa = XCBuildConfiguration;
			buildSettings = {
				CODE_SIGN_ENTITLEMENTS = Keyboard/TypikeyKeyboard.entitlements;
				INFOPLIST_FILE = Keyboard/Info.plist;
				LD_RUNPATH_SEARCH_PATHS = (
					"$(inherited)",
					"@executable_path/Frameworks",
					"@executable_path/../../Frameworks",
				);
				PRODUCT_BUNDLE_IDENTIFIER = com.asadullokh.ch5.typikey.keyboard;
				SDKROOT = iphoneos;
				TARGETED_DEVICE_FAMILY = "1,2";
			};
			name = Debug;
		};
		50C6802AF7E4134E627B6B36 /* Release */ = {
			isa = XCBuildConfiguration;
			buildSettings = {
				ALWAYS_SEARCH_USER_PATHS = NO;
				CLANG_ANALYZER_NONNULL = YES;
				CLANG_ANALYZER_NUMBER_OBJECT_CONVERSION = YES_AGGRESSIVE;
				CLANG_CXX_LANGUAGE_STANDARD = "gnu++14";
				CLANG_CXX_LIBRARY = "libc++";
				CLANG_ENABLE_MODULES = YES;
				CLANG_ENABLE_OBJC_ARC = YES;
				CLANG_ENABLE_OBJC_WEAK = YES;
				CLANG_WARN_BLOCK_CAPTURE_AUTORELEASING = YES;
				CLANG_WARN_BOOL_CONVERSION = YES;
				CLANG_WARN_COMMA = YES;
				CLANG_WARN_CONSTANT_CONVERSION = YES;
				CLANG_WARN_DEPRECATED_OBJC_IMPLEMENTATIONS = YES;
				CLANG_WARN_DIRECT_OBJC_ISA_USAGE = YES_ERROR;
				CLANG_WARN_DOCUMENTATION_COMMENTS = YES;
				CLANG_WARN_EMPTY_BODY = YES;
				CLANG_WARN_ENUM_CONVERSION = YES;
				CLANG_WARN_INFINITE_RECURSION = YES;
				CLANG_WARN_INT_CONVERSION = YES;
				CLANG_WARN_NON_LITERAL_NULL_CONVERSION = YES;
				CLANG_WARN_OBJC_IMPLICIT_RETAIN_SELF = YES;
				CLANG_WARN_OBJC_LITERAL_CONVERSION = YES;
				CLANG_WARN_OBJC_ROOT_CLASS = YES_ERROR;
				CLANG_WARN_QUOTED_INCLUDE_IN_FRAMEWORK_HEADER = YES;
				CLANG_WARN_RANGE_LOOP_ANALYSIS = YES;
				CLANG_WARN_STRICT_PROTOTYPES = YES;
				CLANG_WARN_SUSPICIOUS_MOVE = YES;
				CLANG_WARN_UNGUARDED_AVAILABILITY = YES_AGGRESSIVE;
				CLANG_WARN_UNREACHABLE_CODE = YES;
				CLANG_WARN__DUPLICATE_METHOD_MATCH = YES;
				CODE_SIGN_STYLE = Automatic;
				COPY_PHASE_STRIP = NO;
				CURRENT_PROJECT_VERSION = 17;
				DEBUG_INFORMATION_FORMAT = "dwarf-with-dsym";
				DEVELOPMENT_TEAM = Y7ZZ5G2T3Y;
				ENABLE_NS_ASSERTIONS = NO;
				ENABLE_STRICT_OBJC_MSGSEND = YES;
				GCC_C_LANGUAGE_STANDARD = gnu11;
				GCC_NO_COMMON_BLOCKS = YES;
				GCC_WARN_64_TO_32_BIT_CONVERSION = YES;
				GCC_WARN_ABOUT_RETURN_TYPE = YES_ERROR;
				GCC_WARN_UNDECLARED_SELECTOR = YES;
				GCC_WARN_UNINITIALIZED_AUTOS = YES_AGGRESSIVE;
				GCC_WARN_UNUSED_FUNCTION = YES;
				GCC_WARN_UNUSED_VARIABLE = YES;
				GENERATE_INFOPLIST_FILE = YES;
				IPHONEOS_DEPLOYMENT_TARGET = 18.0;
				MARKETING_VERSION = 1.0;
				MTL_ENABLE_DEBUG_INFO = NO;
				MTL_FAST_MATH = YES;
				PRODUCT_NAME = "$(TARGET_NAME)";
				SDKROOT = iphoneos;
				SWIFT_COMPILATION_MODE = wholemodule;
				SWIFT_OPTIMIZATION_LEVEL = "-O";
				SWIFT_VERSION = 5.9;
				TARGETED_DEVICE_FAMILY = "1,2";
			};
			name = Release;
		};
		6CF8779210D69E792A66A73E /* Release */ = {
			isa = XCBuildConfiguration;
			buildSettings = {
				ASSETCATALOG_COMPILER_APPICON_NAME = AppIcon;
				CODE_SIGN_ENTITLEMENTS = App/Typikey.entitlements;
				CODE_SIGN_IDENTITY = "iPhone Developer";
				GENERATE_INFOPLIST_FILE = YES;
				INFOPLIST_FILE = App/Info.plist;
				LD_RUNPATH_SEARCH_PATHS = (
					"$(inherited)",
					"@executable_path/Frameworks",
				);
				PRODUCT_BUNDLE_IDENTIFIER = com.asadullokh.ch5.typikey;
				SDKROOT = iphoneos;
				TARGETED_DEVICE_FAMILY = "1,2";
			};
			name = Release;
		};
		A1E2CC43D19CDF07CD24D53B /* Debug */ = {
			isa = XCBuildConfiguration;
			buildSettings = {
				ALWAYS_SEARCH_USER_PATHS = NO;
				CLANG_ANALYZER_NONNULL = YES;
				CLANG_ANALYZER_NUMBER_OBJECT_CONVERSION = YES_AGGRESSIVE;
				CLANG_CXX_LANGUAGE_STANDARD = "gnu++14";
				CLANG_CXX_LIBRARY = "libc++";
				CLANG_ENABLE_MODULES = YES;
				CLANG_ENABLE_OBJC_ARC = YES;
				CLANG_ENABLE_OBJC_WEAK = YES;
				CLANG_WARN_BLOCK_CAPTURE_AUTORELEASING = YES;
				CLANG_WARN_BOOL_CONVERSION = YES;
				CLANG_WARN_COMMA = YES;
				CLANG_WARN_CONSTANT_CONVERSION = YES;
				CLANG_WARN_DEPRECATED_OBJC_IMPLEMENTATIONS = YES;
				CLANG_WARN_DIRECT_OBJC_ISA_USAGE = YES_ERROR;
				CLANG_WARN_DOCUMENTATION_COMMENTS = YES;
				CLANG_WARN_EMPTY_BODY = YES;
				CLANG_WARN_ENUM_CONVERSION = YES;
				CLANG_WARN_INFINITE_RECURSION = YES;
				CLANG_WARN_INT_CONVERSION = YES;
				CLANG_WARN_NON_LITERAL_NULL_CONVERSION = YES;
				CLANG_WARN_OBJC_IMPLICIT_RETAIN_SELF = YES;
				CLANG_WARN_OBJC_LITERAL_CONVERSION = YES;
				CLANG_WARN_OBJC_ROOT_CLASS = YES_ERROR;
				CLANG_WARN_QUOTED_INCLUDE_IN_FRAMEWORK_HEADER = YES;
				CLANG_WARN_RANGE_LOOP_ANALYSIS = YES;
				CLANG_WARN_STRICT_PROTOTYPES = YES;
				CLANG_WARN_SUSPICIOUS_MOVE = YES;
				CLANG_WARN_UNGUARDED_AVAILABILITY = YES_AGGRESSIVE;
				CLANG_WARN_UNREACHABLE_CODE = YES;
				CLANG_WARN__DUPLICATE_METHOD_MATCH = YES;
				CODE_SIGN_STYLE = Automatic;
				COPY_PHASE_STRIP = NO;
				CURRENT_PROJECT_VERSION = 17;
				DEBUG_INFORMATION_FORMAT = dwarf;
				DEVELOPMENT_TEAM = Y7ZZ5G2T3Y;
				ENABLE_STRICT_OBJC_MSGSEND = YES;
				ENABLE_TESTABILITY = YES;
				GCC_C_LANGUAGE_STANDARD = gnu11;
				GCC_DYNAMIC_NO_PIC = NO;
				GCC_NO_COMMON_BLOCKS = YES;
				GCC_OPTIMIZATION_LEVEL = 0;
				GCC_PREPROCESSOR_DEFINITIONS = (
					"$(inherited)",
					"DEBUG=1",
				);
				GCC_WARN_64_TO_32_BIT_CONVERSION = YES;
				GCC_WARN_ABOUT_RETURN_TYPE = YES_ERROR;
				GCC_WARN_UNDECLARED_SELECTOR = YES;
				GCC_WARN_UNINITIALIZED_AUTOS = YES_AGGRESSIVE;
				GCC_WARN_UNUSED_FUNCTION = YES;
				GCC_WARN_UNUSED_VARIABLE = YES;
				GENERATE_INFOPLIST_FILE = YES;
				IPHONEOS_DEPLOYMENT_TARGET = 18.0;
				MARKETING_VERSION = 1.0;
				MTL_ENABLE_DEBUG_INFO = INCLUDE_SOURCE;
				MTL_FAST_MATH = YES;
				ONLY_ACTIVE_ARCH = YES;
				PRODUCT_NAME = "$(TARGET_NAME)";
				SDKROOT = iphoneos;
				SWIFT_ACTIVE_COMPILATION_CONDITIONS = DEBUG;
				SWIFT_OPTIMIZATION_LEVEL = "-Onone";
				SWIFT_VERSION = 5.9;
				TARGETED_DEVICE_FAMILY = "1,2";
			};
			name = Debug;
		};
		B43B1CDA6C1CD23435FD108A /* Release */ = {
			isa = XCBuildConfiguration;
			buildSettings = {
				CODE_SIGN_ENTITLEMENTS = Share/TypikeyShare.entitlements;
				INFOPLIST_FILE = Share/Info.plist;
				LD_RUNPATH_SEARCH_PATHS = (
					"$(inherited)",
					"@executable_path/Frameworks",
					"@executable_path/../../Frameworks",
				);
				PRODUCT_BUNDLE_IDENTIFIER = com.asadullokh.ch5.typikey.share;
				SDKROOT = iphoneos;
				TARGETED_DEVICE_FAMILY = "1,2";
			};
			name = Release;
		};
		B7CCECED63D8422563862345 /* Debug */ = {
			isa = XCBuildConfiguration;
			buildSettings = {
				CODE_SIGN_ENTITLEMENTS = Share/TypikeyShare.entitlements;
				INFOPLIST_FILE = Share/Info.plist;
				LD_RUNPATH_SEARCH_PATHS = (
					"$(inherited)",
					"@executable_path/Frameworks",
					"@executable_path/../../Frameworks",
				);
				PRODUCT_BUNDLE_IDENTIFIER = com.asadullokh.ch5.typikey.share;
				SDKROOT = iphoneos;
				TARGETED_DEVICE_FAMILY = "1,2";
			};
			name = Debug;
		};
		BF186799726823D3D4F22184 /* Release */ = {
			isa = XCBuildConfiguration;
			buildSettings = {
				CODE_SIGN_ENTITLEMENTS = Keyboard/TypikeyKeyboard.entitlements;
				INFOPLIST_FILE = Keyboard/Info.plist;
				LD_RUNPATH_SEARCH_PATHS = (
					"$(inherited)",
					"@executable_path/Frameworks",
					"@executable_path/../../Frameworks",
				);
				PRODUCT_BUNDLE_IDENTIFIER = com.asadullokh.ch5.typikey.keyboard;
				SDKROOT = iphoneos;
				TARGETED_DEVICE_FAMILY = "1,2";
			};
			name = Release;
		};
		E129A0BE6DA9F665FEF34663 /* Debug */ = {
			isa = XCBuildConfiguration;
			buildSettings = {
				BUNDLE_LOADER = "$(TEST_HOST)";
				LD_RUNPATH_SEARCH_PATHS = (
					"$(inherited)",
					"@executable_path/Frameworks",
					"@loader_path/Frameworks",
				);
				PRODUCT_BUNDLE_IDENTIFIER = com.asadullokh.ch5.typikey.uitests;
				SDKROOT = iphoneos;
				TARGETED_DEVICE_FAMILY = "1,2";
				TEST_TARGET_NAME = Typikey;
			};
			name = Debug;
		};
		F237E297DE027F379BC3B799 /* Debug */ = {
			isa = XCBuildConfiguration;
			buildSettings = {
				ASSETCATALOG_COMPILER_APPICON_NAME = AppIcon;
				CODE_SIGN_ENTITLEMENTS = App/Typikey.entitlements;
				CODE_SIGN_IDENTITY = "iPhone Developer";
				GENERATE_INFOPLIST_FILE = YES;
				INFOPLIST_FILE = App/Info.plist;
				LD_RUNPATH_SEARCH_PATHS = (
					"$(inherited)",
					"@executable_path/Frameworks",
				);
				PRODUCT_BUNDLE_IDENTIFIER = com.asadullokh.ch5.typikey;
				SDKROOT = iphoneos;
				TARGETED_DEVICE_FAMILY = "1,2";
			};
			name = Debug;
		};
/* End XCBuildConfiguration section */

/* Begin XCConfigurationList section */
		02DBA6C775AAFDFD22E9229C /* Build configuration list for PBXProject "Typikey" */ = {
			isa = XCConfigurationList;
			buildConfigurations = (
				A1E2CC43D19CDF07CD24D53B /* Debug */,
				50C6802AF7E4134E627B6B36 /* Release */,
			);
			defaultConfigurationIsVisible = 0;
			defaultConfigurationName = Debug;
		};
		23A84DFD168387B973585191 /* Build configuration list for PBXNativeTarget "Typikey" */ = {
			isa = XCConfigurationList;
			buildConfigurations = (
				F237E297DE027F379BC3B799 /* Debug */,
				6CF8779210D69E792A66A73E /* Release */,
			);
			defaultConfigurationIsVisible = 0;
			defaultConfigurationName = Debug;
		};
		2D7E954419EC9F2D9FF2021C /* Build configuration list for PBXNativeTarget "TypikeyBroadcast" */ = {
			isa = XCConfigurationList;
			buildConfigurations = (
				0461F04495E1534D3B911949 /* Debug */,
				24DC94957BA6C1936359A400 /* Release */,
			);
			defaultConfigurationIsVisible = 0;
			defaultConfigurationName = Debug;
		};
		4F703742F41AE5C4555AB6F5 /* Build configuration list for PBXNativeTarget "TypikeyShare" */ = {
			isa = XCConfigurationList;
			buildConfigurations = (
				B7CCECED63D8422563862345 /* Debug */,
				B43B1CDA6C1CD23435FD108A /* Release */,
			);
			defaultConfigurationIsVisible = 0;
			defaultConfigurationName = Debug;
		};
		6BA5D677E039BC3CB5B7CCD5 /* Build configuration list for PBXNativeTarget "TypikeyKeyboard" */ = {
			isa = XCConfigurationList;
			buildConfigurations = (
				4A4C8218B1C4FAD8A3E8CD4B /* Debug */,
				BF186799726823D3D4F22184 /* Release */,
			);
			defaultConfigurationIsVisible = 0;
			defaultConfigurationName = Debug;
		};
		7FB8CED1F1D94C0AF6EECC23 /* Build configuration list for PBXNativeTarget "TypikeyUITests" */ = {
			isa = XCConfigurationList;
			buildConfigurations = (
				E129A0BE6DA9F665FEF34663 /* Debug */,
				177D7D6224698C855BE123B7 /* Release */,
			);
			defaultConfigurationIsVisible = 0;
			defaultConfigurationName = Debug;
		};
/* End XCConfigurationList section */
	};
	rootObject = CC0D6E7E0A5C16B3E176D3BA /* Project object */;
}
